{
  "object": {
    "pins": [
      {
        "package": "BinarySearch",
        "repositoryURL": "https://github.com/mkeiser/BinarySearch.git",
        "state": {
          "branch": null,
          "revision": "a9a14c97a8f5884a48b1a8aa48c3f5a630c62581",
          "version": "2.0.3"
        }
      },
      {
        "package": "Everything",
        "repositoryURL": "https://github.com/schwa/everything.git",
        "state": {
          "branch": "master",
          "revision": "4c2cfbfd3da033fb4f80fc611b3687d7dac0a066",
          "version": null
        }
      },
      {
        "package": "TimelaneCombine",
        "repositoryURL": "https://github.com/icanzilb/TimelaneCombine",
        "state": {
          "branch": null,
          "revision": "e6837bcbb19332866d5e37d501c05d68fbf985f2",
          "version": "2.0.0"
        }
      },
      {
        "package": "TimelaneCore",
        "repositoryURL": "https://github.com/icanzilb/TimelaneCore",
        "state": {
          "branch": null,
          "revision": "1ce6992ee42d88590d38fe6dceae9b6e2a8f4919",
          "version": "2.0.0"
        }
      }
    ]
  },
  "version": 1
}
